// !$*UTF8*$!
{
	archiveVersion = 1;
	classes = {
	};
	objectVersion = 50;
	objects = {

/* Begin PBXBuildFile section */
		E32086532581CDFF00FCCAF6 /* AppDelegate.swift in Sources */ = {isa = PBXBuildFile; fileRef = E32086522581CDFF00FCCAF6 /* AppDelegate.swift */; };
		E32086552581CDFF00FCCAF6 /* SceneDelegate.swift in Sources */ = {isa = PBXBuildFile; fileRef = E32086542581CDFF00FCCAF6 /* SceneDelegate.swift */; };
		E32086572581CDFF00FCCAF6 /* ViewController.swift in Sources */ = {isa = PBXBuildFile; fileRef = E32086562581CDFF00FCCAF6 /* ViewController.swift */; };
		E320865A2581CDFF00FCCAF6 /* Main.storyboard in Resources */ = {isa = PBXBuildFile; fileRef = E32086582581CDFF00FCCAF6 /* Main.storyboard */; };
		E320865C2581CE0200FCCAF6 /* Assets.xcassets in Resources */ = {isa = PBXBuildFile; fileRef = E320865B2581CE0200FCCAF6 /* Assets.xcassets */; };
		E320865F2581CE0200FCCAF6 /* LaunchScreen.storyboard in Resources */ = {isa = PBXBuildFile; fileRef = E320865D2581CE0200FCCAF6 /* LaunchScreen.storyboard */; };
		E320866A2581CE0200FCCAF6 /* TipTests.swift in Sources */ = {isa = PBXBuildFile; fileRef = E32086692581CE0200FCCAF6 /* TipTests.swift */; };
		E32086752581CE0200FCCAF6 /* TipUITests.swift in Sources */ = {isa = PBXBuildFile; fileRef = E32086742581CE0200FCCAF6 /* TipUITests.swift */; };
/* End PBXBuildFile section */

/* Begin PBXContainerItemProxy section */
		E32086662581CE0200FCCAF6 /* PBXContainerItemProxy */ = {
			isa = PBXContainerItemProxy;
			containerPortal = E32086472581CDFF00FCCAF6 /* Project object */;
			proxyType = 1;
			remoteGlobalIDString = E320864E2581CDFF00FCCAF6;
			remoteInfo = Tip;
		};
		E32086712581CE0200FCCAF6 /* PBXContainerItemProxy */ = {
			isa = PBXContainerItemProxy;
			containerPortal = E32086472581CDFF00FCCAF6 /* Project object */;
			proxyType = 1;
			remoteGlobalIDString = E320864E2581CDFF00FCCAF6;
			remoteInfo = Tip;
		};
/* End PBXContainerItemProxy section */

/* Begin PBXFileReference section */
		E320864F2581CDFF00FCCAF6 /* Tip.app */ = {isa = PBXFileReference; explicitFileType = wrapper.application; includeInIndex = 0; path = Tip.app; sourceTree = BUILT_PRODUCTS_DIR; };
		E32086522581CDFF00FCCAF6 /* AppDelegate.swift */ = {isa = PBXFileReference; lastKnownFileType = sourcecode.swift; path = AppDelegate.swift; sourceTree = "<group>"; };
		E32086542581CDFF00FCCAF6 /* SceneDelegate.swift */ = {isa = PBXFileReference; lastKnownFileType = sourcecode.swift; path = SceneDelegate.swift; sourceTree = "<group>"; };
		E32086562581CDFF00FCCAF6 /* ViewController.swift */ = {isa = PBXFileReference; lastKnownFileType = sourcecode.swift; path = ViewController.swift; sourceTree = "<group>"; };
		E32086592581CDFF00FCCAF6 /* Base */ = {isa = PBXFileReference; lastKnownFileType = file.storyboard; name = Base; path = Base.lproj/Main.storyboard; sourceTree = "<group>"; };
		E320865B2581CE0200FCCAF6 /* Assets.xcassets */ = {isa = PBXFileReference; lastKnownFileType = folder.assetcatalog; path = Assets.xcassets; sourceTree = "<group>"; };
		E320865E2581CE0200FCCAF6 /* Base */ = {isa = PBXFileReference; lastKnownFileType = file.storyboard; name = Base; path = Base.lproj/LaunchScreen.storyboard; sourceTree = "<group>"; };
		E32086602581CE0200FCCAF6 /* Info.plist */ = {isa = PBXFileReference; lastKnownFileType = text.plist.xml; path = Info.plist; sourceTree = "<group>"; };
		E32086652581CE0200FCCAF6 /* TipTests.xctest */ = {isa = PBXFileReference; explicitFileType = wrapper.cfbundle; includeInIndex = 0; path = TipTests.xctest; sourceTree = BUILT_PRODUCTS_DIR; };
		E32086692581CE0200FCCAF6 /* TipTests.swift */ = {isa = PBXFileReference; lastKnownFileType = sourcecode.swift; path = TipTests.swift; sourceTree = "<group>"; };
		E320866B2581CE0200FCCAF6 /* Info.plist */ = {isa = PBXFileReference; lastKnownFileType = text.plist.xml; path = Info.plist; sourceTree = "<group>"; };
		E32086702581CE0200FCCAF6 /* TipUITests.xctest */ = {isa = PBXFileReference; explicitFileType = wrapper.cfbundle; includeInIndex = 0; path = TipUITests.xctest; sourceTree = BUILT_PRODUCTS_DIR; };
		E32086742581CE0200FCCAF6 /* TipUITests.swift */ = {isa = PBXFileReference; lastKnownFileType = sourcecode.swift; path = TipUITests.swift; sourceTree = "<group>"; };
		E32086762581CE0200FCCAF6 /* Info.plist */ = {isa = PBXFileReference; lastKnownFileType = text.plist.xml; path = Info.plist; sourceTree = "<group>"; };
/* End PBXFileReference section */

/* Begin PBXFrameworksBuildPhase section */
		E320864C2581CDFF00FCCAF6 /* Frameworks */ = {
			isa = PBXFrameworksBuildPhase;
			buildActionMask = 2147483647;
			files = (
			);
			runOnlyForDeploymentPostprocessing = 0;
		};
		E32086622581CE0200FCCAF6 /* Frameworks */ = {
			isa = PBXFrameworksBuildPhase;
			buildActionMask = 2147483647;
			files = (
			);
			runOnlyForDeploymentPostprocessing = 0;
		};
		E320866D2581CE0200FCCAF6 /* Frameworks */ = {
			isa = PBXFrameworksBuildPhase;
			buildActionMask = 2147483647;
			files = (
			);
			runOnlyForDeploymentPostprocessing = 0;
		};
/* End PBXFrameworksBuildPhase section */

/* Begin PBXGroup section */
		E32086462581CDFF00FCCAF6 = {
			isa = PBXGroup;
			children = (
				E32086512581CDFF00FCCAF6 /* Tip */,
				E32086682581CE0200FCCAF6 /* TipTests */,
				E32086732581CE0200FCCAF6 /* TipUITests */,
				E32086502581CDFF00FCCAF6 /* Products */,
			);
			sourceTree = "<group>";
		};
		E32086502581CDFF00FCCAF6 /* Products */ = {
			isa = PBXGroup;
			children = (
				E320864F2581CDFF00FCCAF6 /* Tip.app */,
				E32086652581CE0200FCCAF6 /* TipTests.xctest */,
				E32086702581CE0200FCCAF6 /* TipUITests.xctest */,
			);
			name = Products;
			sourceTree = "<group>";
		};
		E32086512581CDFF00FCCAF6 /* Tip */ = {
			isa = PBXGroup;
			children = (
				E32086522581CDFF00FCCAF6 /* AppDelegate.swift */,
				E32086542581CDFF00FCCAF6 /* SceneDelegate.swift */,
				E32086562581CDFF00FCCAF6 /* ViewController.swift */,
				E32086582581CDFF00FCCAF6 /* Main.storyboard */,
				E320865B2581CE0200FCCAF6 /* Assets.xcassets */,
				E320865D2581CE0200FCCAF6 /* LaunchScreen.storyboard */,
				E32086602581CE0200FCCAF6 /* Info.plist */,
			);
			path = Tip;
			sourceTree = "<group>";
		};
		E32086682581CE0200FCCAF6 /* TipTests */ = {
			isa = PBXGroup;
			children = (
				E32086692581CE0200FCCAF6 /* TipTests.swift */,
				E320866B2581CE0200FCCAF6 /* Info.plist */,
			);
			path = TipTests;
			sourceTree = "<group>";
		};
		E32086732581CE0200FCCAF6 /* TipUITests */ = {
			isa = PBXGroup;
			children = (
				E32086742581CE0200FCCAF6 /* TipUITests.swift */,
				E32086762581CE0200FCCAF6 /* Info.plist */,
			);
			path = TipUITests;
			sourceTree = "<group>";
		};
/* End PBXGroup section */

/* Begin PBXNativeTarget section */
		E320864E2581CDFF00FCCAF6 /* Tip */ = {
			isa = PBXNativeTarget;
			buildConfigurationList = E32086792581CE0200FCCAF6 /* Build configuration list for PBXNativeTarget "Tip" */;
			buildPhases = (
				E320864B2581CDFF00FCCAF6 /* Sources */,
				E320864C2581CDFF00FCCAF6 /* Frameworks */,
				E320864D2581CDFF00FCCAF6 /* Resources */,
			);
			buildRules = (
			);
			dependencies = (
			);
			name = Tip;
			productName = Tip;
			productReference = E320864F2581CDFF00FCCAF6 /* Tip.app */;
			productType = "com.apple.product-type.application";
		};
		E32086642581CE0200FCCAF6 /* TipTests */ = {
			isa = PBXNativeTarget;
			buildConfigurationList = E320867C2581CE0200FCCAF6 /* Build configuration list for PBXNativeTarget "TipTests" */;
			buildPhases = (
				E32086612581CE0200FCCAF6 /* Sources */,
				E32086622581CE0200FCCAF6 /* Frameworks */,
				E32086632581CE0200FCCAF6 /* Resources */,
			);
			buildRules = (
			);
			dependencies = (
				E32086672581CE0200FCCAF6 /* PBXTargetDependency */,
			);
			name = TipTests;
			productName = TipTests;
			productReference = E32086652581CE0200FCCAF6 /* TipTests.xctest */;
			productType = "com.apple.product-type.bundle.unit-test";
		};
		E320866F2581CE0200FCCAF6 /* TipUITests */ = {
			isa = PBXNativeTarget;
			buildConfigurationList = E320867F2581CE0200FCCAF6 /* Build configuration list for PBXNativeTarget "TipUITests" */;
			buildPhases = (
				E320866C2581CE0200FCCAF6 /* Sources */,
				E320866D2581CE0200FCCAF6 /* Frameworks */,
				E320866E2581CE0200FCCAF6 /* Resources */,
			);
			buildRules = (
			);
			dependencies = (
				E32086722581CE0200FCCAF6 /* PBXTargetDependency */,
			);
			name = TipUITests;
			productName = TipUITests;
			productReference = E32086702581CE0200FCCAF6 /* TipUITests.xctest */;
			productType = "com.apple.product-type.bundle.ui-testing";
		};
/* End PBXNativeTarget section */

/* Begin PBXProject section */
		E32086472581CDFF00FCCAF6 /* Project object */ = {
			isa = PBXProject;
			attributes = {
				LastSwiftUpdateCheck = 1220;
				LastUpgradeCheck = 1220;
				TargetAttributes = {
					E320864E2581CDFF00FCCAF6 = {
						CreatedOnToolsVersion = 12.2;
					};
					E32086642581CE0200FCCAF6 = {
						CreatedOnToolsVersion = 12.2;
						TestTargetID = E320864E2581CDFF00FCCAF6;
					};
					E320866F2581CE0200FCCAF6 = {
						CreatedOnToolsVersion = 12.2;
						TestTargetID = E320864E2581CDFF00FCCAF6;
					};
				};
			};
			buildConfigurationList = E320864A2581CDFF00FCCAF6 /* Build configuration list for PBXProject "Tip" */;
			compatibilityVersion = "Xcode 9.3";
			developmentRegion = en;
			hasScannedForEncodings = 0;
			knownRegions = (
				en,
				Base,
			);
			mainGroup = E32086462581CDFF00FCCAF6;
			productRefGroup = E32086502581CDFF00FCCAF6 /* Products */;
			projectDirPath = "";
			projectRoot = "";
			targets = (
				E320864E2581CDFF00FCCAF6 /* Tip */,
				E32086642581CE0200FCCAF6 /* TipTests */,
				E320866F2581CE0200FCCAF6 /* TipUITests */,
			);
		};
/* End PBXProject section */

/* Begin PBXResourcesBuildPhase section */
		E320864D2581CDFF00FCCAF6 /* Resources */ = {
			isa = PBXResourcesBuildPhase;
			buildActionMask = 2147483647;
			files = (
				E320865F2581CE0200FCCAF6 /* LaunchScreen.storyboard in Resources */,
				E320865C2581CE0200FCCAF6 /* Assets.xcassets in Resources */,
				E320865A2581CDFF00FCCAF6 /* Main.storyboard in Resources */,
			);
			runOnlyForDeploymentPostprocessing = 0;
		};
		E32086632581CE0200FCCAF6 /* Resources */ = {
			isa = PBXResourcesBuildPhase;
			buildActionMask = 2147483647;
			files = (
			);
			runOnlyForDeploymentPostprocessing = 0;
		};
		E320866E2581CE0200FCCAF6 /* Resources */ = {
			isa = PBXResourcesBuildPhase;
			buildActionMask = 2147483647;
			files = (
			);
			runOnlyForDeploymentPostprocessing = 0;
		};
/* End PBXResourcesBuildPhase section */

/* Begin PBXSourcesBuildPhase section */
		E320864B2581CDFF00FCCAF6 /* Sources */ = {
			isa = PBXSourcesBuildPhase;
			buildActionMask = 2147483647;
			files = (
				E32086572581CDFF00FCCAF6 /* ViewController.swift in Sources */,
				E32086532581CDFF00FCCAF6 /* AppDelegate.swift in Sources */,
				E32086552581CDFF00FCCAF6 /* SceneDelegate.swift in Sources */,
			);
			runOnlyForDeploymentPostprocessing = 0;
		};
		E32086612581CE0200FCCAF6 /* Sources */ = {
			isa = PBXSourcesBuildPhase;
			buildActionMask = 2147483647;
			files = (
				E320866A2581CE0200FCCAF6 /* TipTests.swift in Sources */,
			);
			runOnlyForDeploymentPostprocessing = 0;
		};
		E320866C2581CE0200FCCAF6 /* Sources */ = {
			isa = PBXSourcesBuildPhase;
			buildActionMask = 2147483647;
			files = (
				E32086752581CE0200FCCAF6 /* TipUITests.swift in Sources */,
			);
			runOnlyForDeploymentPostprocessing = 0;
		};
/* End PBXSourcesBuildPhase section */

/* Begin PBXTargetDependency section */
		E32086672581CE0200FCCAF6 /* PBXTargetDependency */ = {
			isa = PBXTargetDependency;
			target = E320864E2581CDFF00FCCAF6 /* Tip */;
			targetProxy = E32086662581CE0200FCCAF6 /* PBXContainerItemProxy */;
		};
		E32086722581CE0200FCCAF6 /* PBXTargetDependency */ = {
			isa = PBXTargetDependency;
			target = E320864E2581CDFF00FCCAF6 /* Tip */;
			targetProxy = E32086712581CE0200FCCAF6 /* PBXContainerItemProxy */;
		};
/* End PBXTargetDependency section */

/* Begin PBXVariantGroup section */
		E32086582581CDFF00FCCAF6 /* Main.storyboard */ = {
			isa = PBXVariantGroup;
			children = (
				E32086592581CDFF00FCCAF6 /* Base */,
			);
			name = Main.storyboard;
			sourceTree = "<group>";
		};
		E320865D2581CE0200FCCAF6 /* LaunchScreen.storyboard */ = {
			isa = PBXVariantGroup;
			children = (
				E320865E2581CE0200FCCAF6 /* Base */,
			);
			name = LaunchScreen.storyboard;
			sourceTree = "<group>";
		};
/* End PBXVariantGroup section */

/* Begin XCBuildConfiguration section */
		E32086772581CE0200FCCAF6 /* Debug */ = {
			isa = XCBuildConfiguration;
			buildSettings = {
				ALWAYS_SEARCH_USER_PATHS = NO;
				CLANG_ANALYZER_NONNULL = YES;
				CLANG_ANALYZER_NUMBER_OBJECT_CONVERSION = YES_AGGRESSIVE;
				CLANG_CXX_LANGUAGE_STANDARD = "gnu++14";
				CLANG_CXX_LIBRARY = "libc++";
				CLANG_ENABLE_MODULES = YES;
				CLANG_ENABLE_OBJC_ARC = YES;
				CLANG_ENABLE_OBJC_WEAK = YES;
				CLANG_WARN_BLOCK_CAPTURE_AUTORELEASING = YES;
				CLANG_WARN_BOOL_CONVERSION = YES;
				CLANG_WARN_COMMA = YES;
				CLANG_WARN_CONSTANT_CONVERSION = YES;
				CLANG_WARN_DEPRECATED_OBJC_IMPLEMENTATIONS = YES;
				CLANG_WARN_DIRECT_OBJC_ISA_USAGE = YES_ERROR;
				CLANG_WARN_DOCUMENTATION_COMMENTS = YES;
				CLANG_WARN_EMPTY_BODY = YES;
				CLANG_WARN_ENUM_CONVERSION = YES;
				CLANG_WARN_INFINITE_RECURSION = YES;
				CLANG_WARN_INT_CONVERSION = YES;
				CLANG_WARN_NON_LITERAL_NULL_CONVERSION = YES;
				CLANG_WARN_OBJC_IMPLICIT_RETAIN_SELF = YES;
				CLANG_WARN_OBJC_LITERAL_CONVERSION = YES;
				CLANG_WARN_OBJC_ROOT_CLASS = YES_ERROR;
				CLANG_WARN_QUOTED_INCLUDE_IN_FRAMEWORK_HEADER = YES;
				CLANG_WARN_RANGE_LOOP_ANALYSIS = YES;
				CLANG_WARN_STRICT_PROTOTYPES = YES;
				CLANG_WARN_SUSPICIOUS_MOVE = YES;
				CLANG_WARN_UNGUARDED_AVAILABILITY = YES_AGGRESSIVE;
				CLANG_WARN_UNREACHABLE_CODE = YES;
				CLANG_WARN__DUPLICATE_METHOD_MATCH = YES;
				COPY_PHASE_STRIP = NO;
				DEBUG_INFORMATION_FORMAT = dwarf;
				ENABLE_STRICT_OBJC_MSGSEND = YES;
				ENABLE_TESTABILITY = YES;
				GCC_C_LANGUAGE_STANDARD = gnu11;
				GCC_DYNAMIC_NO_PIC = NO;
				GCC_NO_COMMON_BLOCKS = YES;
				GCC_OPTIMIZATION_LEVEL = 0;
				GCC_PREPROCESSOR_DEFINITIONS = (
					"DEBUG=1",
					"$(inherited)",
				);
				GCC_WARN_64_TO_32_BIT_CONVERSION = YES;
				GCC_WARN_ABOUT_RETURN_TYPE = YES_ERROR;
				GCC_WARN_UNDECLARED_SELECTOR = YES;
				GCC_WARN_UNINITIALIZED_AUTOS = YES_AGGRESSIVE;
				GCC_WARN_UNUSED_FUNCTION = YES;
				GCC_WARN_UNUSED_VARIABLE = YES;
				IPHONEOS_DEPLOYMENT_TARGET = 14.2;
				MTL_ENABLE_DEBUG_INFO = INCLUDE_SOURCE;
				MTL_FAST_MATH = YES;
				ONLY_ACTIVE_ARCH = YES;
				SDKROOT = iphoneos;
				SWIFT_ACTIVE_COMPILATION_CONDITIONS = DEBUG;
				SWIFT_OPTIMIZATION_LEVEL = "-Onone";
			};
			name = Debug;
		};
		E32086782581CE0200FCCAF6 /* Release */ = {
			isa = XCBuildConfiguration;
			buildSettings = {
				ALWAYS_SEARCH_USER_PATHS = NO;
				CLANG_ANALYZER_NONNULL = YES;
				CLANG_ANALYZER_NUMBER_OBJECT_CONVERSION = YES_AGGRESSIVE;
				CLANG_CXX_LANGUAGE_STANDARD = "gnu++14";
				CLANG_CXX_LIBRARY = "libc++";
				CLANG_ENABLE_MODULES = YES;
				CLANG_ENABLE_OBJC_ARC = YES;
				CLANG_ENABLE_OBJC_WEAK = YES;
				CLANG_WARN_BLOCK_CAPTURE_AUTORELEASING = YES;
				CLANG_WARN_BOOL_CONVERSION = YES;
				CLANG_WARN_COMMA = YES;
				CLANG_WARN_CONSTANT_CONVERSION = YES;
				CLANG_WARN_DEPRECATED_OBJC_IMPLEMENTATIONS = YES;
				CLANG_WARN_DIRECT_OBJC_ISA_USAGE = YES_ERROR;
				CLANG_WARN_DOCUMENTATION_COMMENTS = YES;
				CLANG_WARN_EMPTY_BODY = YES;
				CLANG_WARN_ENUM_CONVERSION = YES;
				CLANG_WARN_INFINITE_RECURSION = YES;
				CLANG_WARN_INT_CONVERSION = YES;
				CLANG_WARN_NON_LITERAL_NULL_CONVERSION = YES;
				CLANG_WARN_OBJC_IMPLICIT_RETAIN_SELF = YES;
				CLANG_WARN_OBJC_LITERAL_CONVERSION = YES;
				CLANG_WARN_OBJC_ROOT_CLASS = YES_ERROR;
				CLANG_WARN_QUOTED_INCLUDE_IN_FRAMEWORK_HEADER = YES;
				CLANG_WARN_RANGE_LOOP_ANALYSIS = YES;
				CLANG_WARN_STRICT_PROTOTYPES = YES;
				CLANG_WARN_SUSPICIOUS_MOVE = YES;
				CLANG_WARN_UNGUARDED_AVAILABILITY = YES_AGGRESSIVE;
				CLANG_WARN_UNREACHABLE_CODE = YES;
				CLANG_WARN__DUPLICATE_METHOD_MATCH = YES;
				COPY_PHASE_STRIP = NO;
				DEBUG_INFORMATION_FORMAT = "dwarf-with-dsym";
				ENABLE_NS_ASSERTIONS = NO;
				ENABLE_STRICT_OBJC_MSGSEND = YES;
				GCC_C_LANGUAGE_STANDARD = gnu11;
				GCC_NO_COMMON_BLOCKS = YES;
				GCC_WARN_64_TO_32_BIT_CONVERSION = YES;
				GCC_WARN_ABOUT_RETURN_TYPE = YES_ERROR;
				GCC_WARN_UNDECLARED_SELECTOR = YES;
				GCC_WARN_UNINITIALIZED_AUTOS = YES_AGGRESSIVE;
				GCC_WARN_UNUSED_FUNCTION = YES;
				GCC_WARN_UNUSED_VARIABLE = YES;
				IPHONEOS_DEPLOYMENT_TARGET = 14.2;
				MTL_ENABLE_DEBUG_INFO = NO;
				MTL_FAST_MATH = YES;
				SDKROOT = iphoneos;
				SWIFT_COMPILATION_MODE = wholemodule;
				SWIFT_OPTIMIZATION_LEVEL = "-O";
				VALIDATE_PRODUCT = YES;
			};
			name = Release;
		};
		E320867A2581CE0200FCCAF6 /* Debug */ = {
			isa = XCBuildConfiguration;
			buildSettings = {
				ASSETCATALOG_COMPILER_APPICON_NAME = AppIcon;
				ASSETCATALOG_COMPILER_GLOBAL_ACCENT_COLOR_NAME = AccentColor;
				CODE_SIGN_STYLE = Automatic;
				INFOPLIST_FILE = Tip/Info.plist;
				LD_RUNPATH_SEARCH_PATHS = (
					"$(inherited)",
					"@executable_path/Frameworks",
				);
				PRODUCT_BUNDLE_IDENTIFIER = personal.Tip;
				PRODUCT_NAME = "$(TARGET_NAME)";
				SWIFT_VERSION = 5.0;
				TARGETED_DEVICE_FAMILY = "1,2";
			};
			name = Debug;
		};
		E320867B2581CE0200FCCAF6 /* Release */ = {
			isa = XCBuildConfiguration;
			buildSettings = {
				ASSETCATALOG_COMPILER_APPICON_NAME = AppIcon;
				ASSETCATALOG_COMPILER_GLOBAL_ACCENT_COLOR_NAME = AccentColor;
				CODE_SIGN_STYLE = Automatic;
				INFOPLIST_FILE = Tip/Info.plist;
				LD_RUNPATH_SEARCH_PATHS = (
					"$(inherited)",
					"@executable_path/Frameworks",
				);
				PRODUCT_BUNDLE_IDENTIFIER = personal.Tip;
				PRODUCT_NAME = "$(TARGET_NAME)";
				SWIFT_VERSION = 5.0;
				TARGETED_DEVICE_FAMILY = "1,2";
			};
			name = Release;
		};
		E320867D2581CE0200FCCAF6 /* Debug */ = {
			isa = XCBuildConfiguration;
			buildSettings = {
				ALWAYS_EMBED_SWIFT_STANDARD_LIBRARIES = YES;
				BUNDLE_LOADER = "$(TEST_HOST)";
				CODE_SIGN_STYLE = Automatic;
				INFOPLIST_FILE = TipTests/Info.plist;
				IPHONEOS_DEPLOYMENT_TARGET = 14.2;
				LD_RUNPATH_SEARCH_PATHS = (
					"$(inherited)",
					"@executable_path/Frameworks",
					"@loader_path/Frameworks",
				);
				PRODUCT_BUNDLE_IDENTIFIER = personal.TipTests;
				PRODUCT_NAME = "$(TARGET_NAME)";
				SWIFT_VERSION = 5.0;
				TARGETED_DEVICE_FAMILY = "1,2";
				TEST_HOST = "$(BUILT_PRODUCTS_DIR)/Tip.app/Tip";
			};
			name = Debug;
		};
		E320867E2581CE0200FCCAF6 /* Release */ = {
			isa = XCBuildConfiguration;
			buildSettings = {
				ALWAYS_EMBED_SWIFT_STANDARD_LIBRARIES = YES;
				BUNDLE_LOADER = "$(TEST_HOST)";
				CODE_SIGN_STYLE = Automatic;
				INFOPLIST_FILE = TipTests/Info.plist;
				IPHONEOS_DEPLOYMENT_TARGET = 14.2;
				LD_RUNPATH_SEARCH_PATHS = (
					"$(inherited)",
					"@executable_path/Frameworks",
					"@loader_path/Frameworks",
				);
				PRODUCT_BUNDLE_IDENTIFIER = personal.TipTests;
				PRODUCT_NAME = "$(TARGET_NAME)";
				SWIFT_VERSION = 5.0;
				TARGETED_DEVICE_FAMILY = "1,2";
				TEST_HOST = "$(BUILT_PRODUCTS_DIR)/Tip.app/Tip";
			};
			name = Release;
		};
		E32086802581CE0200FCCAF6 /* Debug */ = {
			isa = XCBuildConfiguration;
			buildSettings = {
				ALWAYS_EMBED_SWIFT_STANDARD_LIBRARIES = YES;
				CODE_SIGN_STYLE = Automatic;
				INFOPLIST_FILE = TipUITests/Info.plist;
				LD_RUNPATH_SEARCH_PATHS = (
					"$(inherited)",
					"@executable_path/Frameworks",
					"@loader_path/Frameworks",
				);
				PRODUCT_BUNDLE_IDENTIFIER = personal.TipUITests;
				PRODUCT_NAME = "$(TARGET_NAME)";
				SWIFT_VERSION = 5.0;
				TARGETED_DEVICE_FAMILY = "1,2";
				TEST_TARGET_NAME = Tip;
			};
			name = Debug;
		};
		E32086812581CE0200FCCAF6 /* Release */ = {
			isa = XCBuildConfiguration;
			buildSettings = {
				ALWAYS_EMBED_SWIFT_STANDARD_LIBRARIES = YES;
				CODE_SIGN_STYLE = Automatic;
				INFOPLIST_FILE = TipUITests/Info.plist;
				LD_RUNPATH_SEARCH_PATHS = (
					"$(inherited)",
					"@executable_path/Frameworks",
					"@loader_path/Frameworks",
				);
				PRODUCT_BUNDLE_IDENTIFIER = personal.TipUITests;
				PRODUCT_NAME = "$(TARGET_NAME)";
				SWIFT_VERSION = 5.0;
				TARGETED_DEVICE_FAMILY = "1,2";
				TEST_TARGET_NAME = Tip;
			};
			name = Release;
		};
/* End XCBuildConfiguration section */

/* Begin XCConfigurationList section */
		E320864A2581CDFF00FCCAF6 /* Build configuration list for PBXProject "Tip" */ = {
			isa = XCConfigurationList;
			buildConfigurations = (
				E32086772581CE0200FCCAF6 /* Debug */,
				E32086782581CE0200FCCAF6 /* Release */,
			);
			defaultConfigurationIsVisible = 0;
			defaultConfigurationName = Release;
		};
		E32086792581CE0200FCCAF6 /* Build configuration list for PBXNativeTarget "Tip" */ = {
			isa = XCConfigurationList;
			buildConfigurations = (
				E320867A2581CE0200FCCAF6 /* Debug */,
				E320867B2581CE0200FCCAF6 /* Release */,
			);
			defaultConfigurationIsVisible = 0;
			defaultConfigurationName = Release;
		};
		E320867C2581CE0200FCCAF6 /* Build configuration list for PBXNativeTarget "TipTests" */ = {
			isa = XCConfigurationList;
			buildConfigurations = (
				E320867D2581CE0200FCCAF6 /* Debug */,
				E320867E2581CE0200FCCAF6 /* Release */,
			);
			defaultConfigurationIsVisible = 0;
			defaultConfigurationName = Release;
		};
		E320867F2581CE0200FCCAF6 /* Build configuration list for PBXNativeTarget "TipUITests" */ = {
			isa = XCConfigurationList;
			buildConfigurations = (
				E32086802581CE0200FCCAF6 /* Debug */,
				E32086812581CE0200FCCAF6 /* Release */,
			);
			defaultConfigurationIsVisible = 0;
			defaultConfigurationName = Release;
		};
/* End XCConfigurationList section */
	};
	rootObject = E32086472581CDFF00FCCAF6 /* Project object */;
}
